
Microsoft Visual Studio Solution File, Format Version 12.00
Project("{FAE04EC0-301F-11D3-BF4B-00C04F79EFBC}") = "TestAPI", "TestAPI\TestAPI.csproj", "{BB1A4E50-5BBD-4F87-9F49-9B5B69CB4192}"
EndProject
Global
	GlobalSection(SolutionConfigurationPlatforms) = preSolution
		Debug|Any CPU = Debug|Any CPU
		Release|Any CPU = Release|Any CPU
	EndGlobalSection
	GlobalSection(ProjectConfigurationPlatforms) = postSolution
		{BB1A4E50-5BBD-4F87-9F49-9B5B69CB4192}.Debug|Any CPU.ActiveCfg = Debug|Any CPU
		{BB1A4E50-5BBD-4F87-9F49-9B5B69CB4192}.Debug|Any CPU.Build.0 = Debug|Any CPU
		{BB1A4E50-5BBD-4F87-9F49-9B5B69CB4192}.Release|Any CPU.ActiveCfg = Release|Any CPU
		{BB1A4E50-5BBD-4F87-9F49-9B5B69CB4192}.Release|Any CPU.Build.0 = Release|Any CPU
	EndGlobalSection
EndGlobal
